
Microsoft Visual Studio Solution File, Format Version 12.00
# Visual Studio 15
VisualStudioVersion = 15.0.27428.2005
MinimumVisualStudioVersion = 10.0.40219.1
Project("{FAE04EC0-301F-11D3-BF4B-00C04F79EFBC}") = "MVVMEx02", "MVVMEx02\MVVMEx02.csproj", "{ECB34899-E72F-42E6-9654-5D4980B314FE}"
EndProject
Global
	GlobalSection(SolutionConfigurationPlatforms) = preSolution
		Debug|ARM = Debug|ARM
		Debug|x64 = Debug|x64
		Debug|x86 = Debug|x86
		Release|ARM = Release|ARM
		Release|x64 = Release|x64
		Release|x86 = Release|x86
	EndGlobalSection
	GlobalSection(ProjectConfigurationPlatforms) = postSolution
		{ECB34899-E72F-42E6-9654-5D4980B314FE}.Debug|ARM.ActiveCfg = Debug|ARM
		{ECB34899-E72F-42E6-9654-5D4980B314FE}.Debug|ARM.Build.0 = Debug|ARM
		{ECB34899-E72F-42E6-9654-5D4980B314FE}.Debug|ARM.Deploy.0 = Debug|ARM
		{ECB34899-E72F-42E6-9654-5D4980B314FE}.Debug|x64.ActiveCfg = Debug|x64
		{ECB34899-E72F-42E6-9654-5D4980B314FE}.Debug|x64.Build.0 = Debug|x64
		{ECB34899-E72F-42E6-9654-5D4980B314FE}.Debug|x64.Deploy.0 = Debug|x64
		{ECB34899-E72F-42E6-9654-5D4980B314FE}.Debug|x86.ActiveCfg = Debug|x86
		{ECB34899-E72F-42E6-9654-5D4980B314FE}.Debug|x86.Build.0 = Debug|x86
		{ECB34899-E72F-42E6-9654-5D4980B314FE}.Debug|x86.Deploy.0 = Debug|x86
		{ECB34899-E72F-42E6-9654-5D4980B314FE}.Release|ARM.ActiveCfg = Release|ARM
		{ECB34899-E72F-42E6-9654-5D4980B314FE}.Release|ARM.Build.0 = Release|ARM
		{ECB34899-E72F-42E6-9654-5D4980B314FE}.Release|ARM.Deploy.0 = Release|ARM
		{ECB34899-E72F-42E6-9654-5D4980B314FE}.Release|x64.ActiveCfg = Release|x64
		{ECB34899-E72F-42E6-9654-5D4980B314FE}.Release|x64.Build.0 = Release|x64
		{ECB34899-E72F-42E6-9654-5D4980B314FE}.Release|x64.Deploy.0 = Release|x64
		{ECB34899-E72F-42E6-9654-5D4980B314FE}.Release|x86.ActiveCfg = Release|x86
		{ECB34899-E72F-42E6-9654-5D4980B314FE}.Release|x86.Build.0 = Release|x86
		{ECB34899-E72F-42E6-9654-5D4980B314FE}.Release|x86.Deploy.0 = Release|x86
	EndGlobalSection
	GlobalSection(SolutionProperties) = preSolution
		HideSolutionNode = FALSE
	EndGlobalSection
	GlobalSection(ExtensibilityGlobals) = postSolution
		SolutionGuid = {2DEF843A-BFAE-4ED5-812D-3DCA15D8507C}
	EndGlobalSection
EndGlobal
