
Microsoft Visual Studio Solution File, Format Version 12.00
# Visual Studio 15
VisualStudioVersion = 15.0.27130.2027
MinimumVisualStudioVersion = 10.0.40219.1
Project("{FAE04EC0-301F-11D3-BF4B-00C04F79EFBC}") = "StudieStartF18", "StudieStartF18\StudieStartF18.csproj", "{4E4E7F3C-17C9-46C2-A1EB-3DEAF036A1E4}"
EndProject
Global
	GlobalSection(SolutionConfigurationPlatforms) = preSolution
		Debug|Any CPU = Debug|Any CPU
		Release|Any CPU = Release|Any CPU
	EndGlobalSection
	GlobalSection(ProjectConfigurationPlatforms) = postSolution
		{4E4E7F3C-17C9-46C2-A1EB-3DEAF036A1E4}.Debug|Any CPU.ActiveCfg = Debug|Any CPU
		{4E4E7F3C-17C9-46C2-A1EB-3DEAF036A1E4}.Debug|Any CPU.Build.0 = Debug|Any CPU
		{4E4E7F3C-17C9-46C2-A1EB-3DEAF036A1E4}.Release|Any CPU.ActiveCfg = Release|Any CPU
		{4E4E7F3C-17C9-46C2-A1EB-3DEAF036A1E4}.Release|Any CPU.Build.0 = Release|Any CPU
	EndGlobalSection
	GlobalSection(SolutionProperties) = preSolution
		HideSolutionNode = FALSE
	EndGlobalSection
	GlobalSection(ExtensibilityGlobals) = postSolution
		SolutionGuid = {303C2D6F-F4C4-4691-8EF1-2DD5FF5761A8}
	EndGlobalSection
EndGlobal
