
Microsoft Visual Studio Solution File, Format Version 12.00
# Visual Studio 15
VisualStudioVersion = 15.0.26730.15
MinimumVisualStudioVersion = 10.0.40219.1
Project("{FAE04EC0-301F-11D3-BF4B-00C04F79EFBC}") = "StudieStartE17", "StudieStartE17\StudieStartE17.csproj", "{2DF8D406-44CA-42C7-8E12-E5D6F48B72A9}"
EndProject
Global
	GlobalSection(SolutionConfigurationPlatforms) = preSolution
		Debug|Any CPU = Debug|Any CPU
		Release|Any CPU = Release|Any CPU
	EndGlobalSection
	GlobalSection(ProjectConfigurationPlatforms) = postSolution
		{2DF8D406-44CA-42C7-8E12-E5D6F48B72A9}.Debug|Any CPU.ActiveCfg = Debug|Any CPU
		{2DF8D406-44CA-42C7-8E12-E5D6F48B72A9}.Debug|Any CPU.Build.0 = Debug|Any CPU
		{2DF8D406-44CA-42C7-8E12-E5D6F48B72A9}.Release|Any CPU.ActiveCfg = Release|Any CPU
		{2DF8D406-44CA-42C7-8E12-E5D6F48B72A9}.Release|Any CPU.Build.0 = Release|Any CPU
	EndGlobalSection
	GlobalSection(SolutionProperties) = preSolution
		HideSolutionNode = FALSE
	EndGlobalSection
	GlobalSection(ExtensibilityGlobals) = postSolution
		SolutionGuid = {6F041A7E-9842-4061-80B8-5558487D8ABD}
	EndGlobalSection
EndGlobal
