
Microsoft Visual Studio Solution File, Format Version 12.00
# Visual Studio 15
VisualStudioVersion = 15.0.26730.8
MinimumVisualStudioVersion = 10.0.40219.1
Project("{FAE04EC0-301F-11D3-BF4B-00C04F79EFBC}") = "ThreadSafeCatalog", "ThreadSafeCatalog\ThreadSafeCatalog.csproj", "{2FF940A9-5DA4-4041-994D-1B443FCBD83F}"
EndProject
Global
	GlobalSection(SolutionConfigurationPlatforms) = preSolution
		Debug|Any CPU = Debug|Any CPU
		Release|Any CPU = Release|Any CPU
	EndGlobalSection
	GlobalSection(ProjectConfigurationPlatforms) = postSolution
		{2FF940A9-5DA4-4041-994D-1B443FCBD83F}.Debug|Any CPU.ActiveCfg = Debug|Any CPU
		{2FF940A9-5DA4-4041-994D-1B443FCBD83F}.Debug|Any CPU.Build.0 = Debug|Any CPU
		{2FF940A9-5DA4-4041-994D-1B443FCBD83F}.Release|Any CPU.ActiveCfg = Release|Any CPU
		{2FF940A9-5DA4-4041-994D-1B443FCBD83F}.Release|Any CPU.Build.0 = Release|Any CPU
	EndGlobalSection
	GlobalSection(SolutionProperties) = preSolution
		HideSolutionNode = FALSE
	EndGlobalSection
	GlobalSection(ExtensibilityGlobals) = postSolution
		SolutionGuid = {8724E13B-C9C9-4F8E-B6AC-628C23382D3C}
	EndGlobalSection
EndGlobal
